
Microsoft Visual Studio Solution File, Format Version 12.00
# Visual Studio Version 17
VisualStudioVersion = 17.5.33530.505
MinimumVisualStudioVersion = 10.0.40219.1
Project("{FAE04EC0-301F-11D3-BF4B-00C04F79EFBC}") = "YouShallNotSpawn", "YouShallNotSpawn.csproj", "{BB1EA0B5-665D-43F6-B47D-2575ABD33ADB}"
EndProject
Global
	GlobalSection(SolutionConfigurationPlatforms) = preSolution
		Debug|Any CPU = Debug|Any CPU
		Release|Any CPU = Release|Any CPU
	EndGlobalSection
	GlobalSection(ProjectConfigurationPlatforms) = postSolution
		{BB1EA0B5-665D-43F6-B47D-2575ABD33ADB}.Debug|Any CPU.ActiveCfg = Debug|Any CPU
		{BB1EA0B5-665D-43F6-B47D-2575ABD33ADB}.Debug|Any CPU.Build.0 = Debug|Any CPU
		{BB1EA0B5-665D-43F6-B47D-2575ABD33ADB}.Release|Any CPU.ActiveCfg = Release|Any CPU
		{BB1EA0B5-665D-43F6-B47D-2575ABD33ADB}.Release|Any CPU.Build.0 = Release|Any CPU
	EndGlobalSection
	GlobalSection(SolutionProperties) = preSolution
		HideSolutionNode = FALSE
	EndGlobalSection
	GlobalSection(ExtensibilityGlobals) = postSolution
		SolutionGuid = {E1349AAC-5E52-4024-9F03-84E8A8990964}
	EndGlobalSection
EndGlobal
